
Microsoft Visual Studio Solution File, Format Version 12.00
# Visual Studio Version 16
VisualStudioVersion = 16.0.29728.190
MinimumVisualStudioVersion = 10.0.40219.1
Project("{9A19103F-16F7-4668-BE54-9A1E7A4F7556}") = "AIE_01_HelloWorld", "AIE_01_HelloWorld\AIE_01_HelloWorld.csproj", "{6A57F25C-24C0-4771-B44C-20456F2CBC99}"
EndProject
Project("{9A19103F-16F7-4668-BE54-9A1E7A4F7556}") = "AIE_02_FortuneTeller", "AIE_02_FortuneTeller\AIE_02_FortuneTeller.csproj", "{9C0E005D-D2F8-47E9-875B-7085817EC280}"
EndProject
Project("{9A19103F-16F7-4668-BE54-9A1E7A4F7556}") = "AIE_03_AgeCalculator", "AIE_03_AgeCalculator\AIE_03_AgeCalculator.csproj", "{EBC5C821-2222-4009-91BE-AFC3204B7856}"
EndProject
Project("{9A19103F-16F7-4668-BE54-9A1E7A4F7556}") = "AIE_04_CircleCalculator", "AIE_04_CircleCalculator\AIE_04_CircleCalculator.csproj", "{EDC37AC6-F47A-40EE-B873-813FA6B855D1}"
EndProject
Project("{9A19103F-16F7-4668-BE54-9A1E7A4F7556}") = "AIE_05_TemperatureConverter", "AIE_05_TemperatureConverter\AIE_05_TemperatureConverter.csproj", "{37306825-E9B2-4F54-95F4-79B00D24B048}"
EndProject
Project("{9A19103F-16F7-4668-BE54-9A1E7A4F7556}") = "AIE_06_HiLow", "AIE_06_HiLow\AIE_06_HiLow.csproj", "{7094404A-AA37-4BBF-BCCF-3216D96B8333}"
EndProject
Project("{9A19103F-16F7-4668-BE54-9A1E7A4F7556}") = "AIE_07_MaxOfThreeVariables", "AIE_07_MaxOfThreeVariables\AIE_07_MaxOfThreeVariables.csproj", "{F464CBF1-14CD-4D34-9303-F65EC33168C0}"
EndProject
Project("{9A19103F-16F7-4668-BE54-9A1E7A4F7556}") = "AIE_08_EvenOrOdd", "AIE_08_EvenOrOdd\AIE_08_EvenOrOdd.csproj", "{EF8484A6-9BE9-449D-B6E8-36E861D570EE}"
EndProject
Project("{9A19103F-16F7-4668-BE54-9A1E7A4F7556}") = "AIE_09_DiviibleBy4Or6", "AIE_09_DiviibleBy4Or6\AIE_09_DiviibleBy4Or6.csproj", "{3B7796F8-98B4-4D79-B001-ED8F8DE98D20}"
EndProject
Project("{9A19103F-16F7-4668-BE54-9A1E7A4F7556}") = "AIE_10_DayOfTheWeek", "AIE_10_DayOfTheWeek\AIE_10_DayOfTheWeek.csproj", "{C2CCE1EA-0C9B-4FDE-95BF-E3A77F4A5EAD}"
EndProject
Project("{9A19103F-16F7-4668-BE54-9A1E7A4F7556}") = "AIE_11_NineTimesNine", "AIE_11_NineTimesNine\AIE_11_NineTimesNine.csproj", "{6B8F3C83-9B8E-43BD-B78A-D024DF6FA6CA}"
EndProject
Project("{9A19103F-16F7-4668-BE54-9A1E7A4F7556}") = "AIE_12_AllTimesTables", "AIE_12_AllTimesTables\AIE_12_AllTimesTables.csproj", "{BFF3BDB6-7042-4F56-A9D6-000C78D3054D}"
EndProject
Project("{9A19103F-16F7-4668-BE54-9A1E7A4F7556}") = "AIE_13_PasswordPrompt", "AIE_13_PasswordPrompt\AIE_13_PasswordPrompt.csproj", "{D9D4F7E9-B99D-449B-B9DC-7DCEEF415192}"
EndProject
Project("{9A19103F-16F7-4668-BE54-9A1E7A4F7556}") = "AIE_14_CalculateCube", "AIE_14_CalculateCube\AIE_14_CalculateCube.csproj", "{9F24EB39-B049-48CC-A1E2-5EAC742C4C97}"
EndProject
Project("{9A19103F-16F7-4668-BE54-9A1E7A4F7556}") = "AIE_15_IsAVowel", "AIE_15_IsAVowel\AIE_15_IsAVowel.csproj", "{AC874B79-4065-42E6-A434-C301FC7C1FA1}"
EndProject
Project("{9A19103F-16F7-4668-BE54-9A1E7A4F7556}") = "AIE_16_MaxOfThree", "AIE_16_MaxOfThree\AIE_16_MaxOfThree.csproj", "{8118B5A5-9474-4B37-B9F1-B07CED9316B7}"
EndProject
Project("{9A19103F-16F7-4668-BE54-9A1E7A4F7556}") = "AIE_17_Calculator", "AIE_17_Calculator\AIE_17_Calculator.csproj", "{DFF82A52-DBD6-4747-8487-BC25D361592B}"
EndProject
Project("{9A19103F-16F7-4668-BE54-9A1E7A4F7556}") = "AIE_18_RaylibPong", "AIE_18_RaylibPong\AIE_18_RaylibPong.csproj", "{ED0A086E-E6B0-48D1-887F-0281D3E211AD}"
EndProject
Project("{9A19103F-16F7-4668-BE54-9A1E7A4F7556}") = "AIE_19_GetTwoLwngths", "AIE_GetTwoLwngths\AIE_19_GetTwoLwngths.csproj", "{FAD93AC1-D82E-42EB-9584-B054726A072C}"
EndProject
Project("{9A19103F-16F7-4668-BE54-9A1E7A4F7556}") = "AIE_20_NeedelInTheHaystack", "AIE_20_NeedelInTheHaystack\AIE_20_NeedelInTheHaystack.csproj", "{DF77A3B7-C058-4CFC-8950-B6138CB46E40}"
EndProject
Project("{9A19103F-16F7-4668-BE54-9A1E7A4F7556}") = "Random", "Random\Random.csproj", "{64345134-5937-43EE-80B1-C1357586A90E}"
EndProject
Project("{9A19103F-16F7-4668-BE54-9A1E7A4F7556}") = "AIE_21_CalculateAverage", "AIE_21_CalculateAverage\AIE_21_CalculateAverage.csproj", "{24CE0E55-7B29-49FA-99F0-374D13DB1674}"
EndProject
Project("{9A19103F-16F7-4668-BE54-9A1E7A4F7556}") = "AIE_22_ReverseArray", "AIE_22_ReverseArray\AIE_22_ReverseArray.csproj", "{FD72DF11-38EC-4269-834F-1E9131D7CC1F}"
EndProject
Project("{9A19103F-16F7-4668-BE54-9A1E7A4F7556}") = "ALE_23_InsertNextTo", "ConsoleApp1\ALE_23_InsertNextTo.csproj", "{2A4BA5A3-546A-47D8-907E-11E4C0F659E4}"
EndProject
Project("{9A19103F-16F7-4668-BE54-9A1E7A4F7556}") = "AIE_AsteroidsGame", "AIE_AsteroidsGame\AIE_AsteroidsGame.csproj", "{1E2D31B4-3288-4254-831E-76822A29EAE7}"
EndProject
Project("{FAE04EC0-301F-11D3-BF4B-00C04F79EFBC}") = "AIE_23_Animals", "AIE_23_Animals\AIE_23_Animals.csproj", "{27A2B7C6-A3D2-4485-8F98-80F2B50D36C1}"
EndProject
Project("{9A19103F-16F7-4668-BE54-9A1E7A4F7556}") = "ChessGame", "AIE_ChessGame\ChessGame.csproj", "{09A6C0B0-FADB-4B75-90A4-E6DE29C12E83}"
EndProject
Global
	GlobalSection(SolutionConfigurationPlatforms) = preSolution
		Debug|Any CPU = Debug|Any CPU
		Release|Any CPU = Release|Any CPU
	EndGlobalSection
	GlobalSection(ProjectConfigurationPlatforms) = postSolution
		{6A57F25C-24C0-4771-B44C-20456F2CBC99}.Debug|Any CPU.ActiveCfg = Debug|Any CPU
		{6A57F25C-24C0-4771-B44C-20456F2CBC99}.Debug|Any CPU.Build.0 = Debug|Any CPU
		{6A57F25C-24C0-4771-B44C-20456F2CBC99}.Release|Any CPU.ActiveCfg = Release|Any CPU
		{6A57F25C-24C0-4771-B44C-20456F2CBC99}.Release|Any CPU.Build.0 = Release|Any CPU
		{9C0E005D-D2F8-47E9-875B-7085817EC280}.Debug|Any CPU.ActiveCfg = Debug|Any CPU
		{9C0E005D-D2F8-47E9-875B-7085817EC280}.Debug|Any CPU.Build.0 = Debug|Any CPU
		{9C0E005D-D2F8-47E9-875B-7085817EC280}.Release|Any CPU.ActiveCfg = Release|Any CPU
		{9C0E005D-D2F8-47E9-875B-7085817EC280}.Release|Any CPU.Build.0 = Release|Any CPU
		{EBC5C821-2222-4009-91BE-AFC3204B7856}.Debug|Any CPU.ActiveCfg = Debug|Any CPU
		{EBC5C821-2222-4009-91BE-AFC3204B7856}.Debug|Any CPU.Build.0 = Debug|Any CPU
		{EBC5C821-2222-4009-91BE-AFC3204B7856}.Release|Any CPU.ActiveCfg = Release|Any CPU
		{EBC5C821-2222-4009-91BE-AFC3204B7856}.Release|Any CPU.Build.0 = Release|Any CPU
		{EDC37AC6-F47A-40EE-B873-813FA6B855D1}.Debug|Any CPU.ActiveCfg = Debug|Any CPU
		{EDC37AC6-F47A-40EE-B873-813FA6B855D1}.Debug|Any CPU.Build.0 = Debug|Any CPU
		{EDC37AC6-F47A-40EE-B873-813FA6B855D1}.Release|Any CPU.ActiveCfg = Release|Any CPU
		{EDC37AC6-F47A-40EE-B873-813FA6B855D1}.Release|Any CPU.Build.0 = Release|Any CPU
		{37306825-E9B2-4F54-95F4-79B00D24B048}.Debug|Any CPU.ActiveCfg = Debug|Any CPU
		{37306825-E9B2-4F54-95F4-79B00D24B048}.Debug|Any CPU.Build.0 = Debug|Any CPU
		{37306825-E9B2-4F54-95F4-79B00D24B048}.Release|Any CPU.ActiveCfg = Release|Any CPU
		{37306825-E9B2-4F54-95F4-79B00D24B048}.Release|Any CPU.Build.0 = Release|Any CPU
		{7094404A-AA37-4BBF-BCCF-3216D96B8333}.Debug|Any CPU.ActiveCfg = Debug|Any CPU
		{7094404A-AA37-4BBF-BCCF-3216D96B8333}.Debug|Any CPU.Build.0 = Debug|Any CPU
		{7094404A-AA37-4BBF-BCCF-3216D96B8333}.Release|Any CPU.ActiveCfg = Release|Any CPU
		{7094404A-AA37-4BBF-BCCF-3216D96B8333}.Release|Any CPU.Build.0 = Release|Any CPU
		{F464CBF1-14CD-4D34-9303-F65EC33168C0}.Debug|Any CPU.ActiveCfg = Debug|Any CPU
		{F464CBF1-14CD-4D34-9303-F65EC33168C0}.Debug|Any CPU.Build.0 = Debug|Any CPU
		{F464CBF1-14CD-4D34-9303-F65EC33168C0}.Release|Any CPU.ActiveCfg = Release|Any CPU
		{F464CBF1-14CD-4D34-9303-F65EC33168C0}.Release|Any CPU.Build.0 = Release|Any CPU
		{EF8484A6-9BE9-449D-B6E8-36E861D570EE}.Debug|Any CPU.ActiveCfg = Debug|Any CPU
		{EF8484A6-9BE9-449D-B6E8-36E861D570EE}.Debug|Any CPU.Build.0 = Debug|Any CPU
		{EF8484A6-9BE9-449D-B6E8-36E861D570EE}.Release|Any CPU.ActiveCfg = Release|Any CPU
		{EF8484A6-9BE9-449D-B6E8-36E861D570EE}.Release|Any CPU.Build.0 = Release|Any CPU
		{3B7796F8-98B4-4D79-B001-ED8F8DE98D20}.Debug|Any CPU.ActiveCfg = Debug|Any CPU
		{3B7796F8-98B4-4D79-B001-ED8F8DE98D20}.Debug|Any CPU.Build.0 = Debug|Any CPU
		{3B7796F8-98B4-4D79-B001-ED8F8DE98D20}.Release|Any CPU.ActiveCfg = Release|Any CPU
		{3B7796F8-98B4-4D79-B001-ED8F8DE98D20}.Release|Any CPU.Build.0 = Release|Any CPU
		{C2CCE1EA-0C9B-4FDE-95BF-E3A77F4A5EAD}.Debug|Any CPU.ActiveCfg = Debug|Any CPU
		{C2CCE1EA-0C9B-4FDE-95BF-E3A77F4A5EAD}.Debug|Any CPU.Build.0 = Debug|Any CPU
		{C2CCE1EA-0C9B-4FDE-95BF-E3A77F4A5EAD}.Release|Any CPU.ActiveCfg = Release|Any CPU
		{C2CCE1EA-0C9B-4FDE-95BF-E3A77F4A5EAD}.Release|Any CPU.Build.0 = Release|Any CPU
		{6B8F3C83-9B8E-43BD-B78A-D024DF6FA6CA}.Debug|Any CPU.ActiveCfg = Debug|Any CPU
		{6B8F3C83-9B8E-43BD-B78A-D024DF6FA6CA}.Debug|Any CPU.Build.0 = Debug|Any CPU
		{6B8F3C83-9B8E-43BD-B78A-D024DF6FA6CA}.Release|Any CPU.ActiveCfg = Release|Any CPU
		{6B8F3C83-9B8E-43BD-B78A-D024DF6FA6CA}.Release|Any CPU.Build.0 = Release|Any CPU
		{BFF3BDB6-7042-4F56-A9D6-000C78D3054D}.Debug|Any CPU.ActiveCfg = Debug|Any CPU
		{BFF3BDB6-7042-4F56-A9D6-000C78D3054D}.Debug|Any CPU.Build.0 = Debug|Any CPU
		{BFF3BDB6-7042-4F56-A9D6-000C78D3054D}.Release|Any CPU.ActiveCfg = Release|Any CPU
		{BFF3BDB6-7042-4F56-A9D6-000C78D3054D}.Release|Any CPU.Build.0 = Release|Any CPU
		{D9D4F7E9-B99D-449B-B9DC-7DCEEF415192}.Debug|Any CPU.ActiveCfg = Debug|Any CPU
		{D9D4F7E9-B99D-449B-B9DC-7DCEEF415192}.Debug|Any CPU.Build.0 = Debug|Any CPU
		{D9D4F7E9-B99D-449B-B9DC-7DCEEF415192}.Release|Any CPU.ActiveCfg = Release|Any CPU
		{D9D4F7E9-B99D-449B-B9DC-7DCEEF415192}.Release|Any CPU.Build.0 = Release|Any CPU
		{9F24EB39-B049-48CC-A1E2-5EAC742C4C97}.Debug|Any CPU.ActiveCfg = Debug|Any CPU
		{9F24EB39-B049-48CC-A1E2-5EAC742C4C97}.Debug|Any CPU.Build.0 = Debug|Any CPU
		{9F24EB39-B049-48CC-A1E2-5EAC742C4C97}.Release|Any CPU.ActiveCfg = Release|Any CPU
		{9F24EB39-B049-48CC-A1E2-5EAC742C4C97}.Release|Any CPU.Build.0 = Release|Any CPU
		{AC874B79-4065-42E6-A434-C301FC7C1FA1}.Debug|Any CPU.ActiveCfg = Debug|Any CPU
		{AC874B79-4065-42E6-A434-C301FC7C1FA1}.Debug|Any CPU.Build.0 = Debug|Any CPU
		{AC874B79-4065-42E6-A434-C301FC7C1FA1}.Release|Any CPU.ActiveCfg = Release|Any CPU
		{AC874B79-4065-42E6-A434-C301FC7C1FA1}.Release|Any CPU.Build.0 = Release|Any CPU
		{8118B5A5-9474-4B37-B9F1-B07CED9316B7}.Debug|Any CPU.ActiveCfg = Debug|Any CPU
		{8118B5A5-9474-4B37-B9F1-B07CED9316B7}.Debug|Any CPU.Build.0 = Debug|Any CPU
		{8118B5A5-9474-4B37-B9F1-B07CED9316B7}.Release|Any CPU.ActiveCfg = Release|Any CPU
		{8118B5A5-9474-4B37-B9F1-B07CED9316B7}.Release|Any CPU.Build.0 = Release|Any CPU
		{DFF82A52-DBD6-4747-8487-BC25D361592B}.Debug|Any CPU.ActiveCfg = Debug|Any CPU
		{DFF82A52-DBD6-4747-8487-BC25D361592B}.Debug|Any CPU.Build.0 = Debug|Any CPU
		{DFF82A52-DBD6-4747-8487-BC25D361592B}.Release|Any CPU.ActiveCfg = Release|Any CPU
		{DFF82A52-DBD6-4747-8487-BC25D361592B}.Release|Any CPU.Build.0 = Release|Any CPU
		{ED0A086E-E6B0-48D1-887F-0281D3E211AD}.Debug|Any CPU.ActiveCfg = Debug|Any CPU
		{ED0A086E-E6B0-48D1-887F-0281D3E211AD}.Debug|Any CPU.Build.0 = Debug|Any CPU
		{ED0A086E-E6B0-48D1-887F-0281D3E211AD}.Release|Any CPU.ActiveCfg = Release|Any CPU
		{ED0A086E-E6B0-48D1-887F-0281D3E211AD}.Release|Any CPU.Build.0 = Release|Any CPU
		{FAD93AC1-D82E-42EB-9584-B054726A072C}.Debug|Any CPU.ActiveCfg = Debug|Any CPU
		{FAD93AC1-D82E-42EB-9584-B054726A072C}.Debug|Any CPU.Build.0 = Debug|Any CPU
		{FAD93AC1-D82E-42EB-9584-B054726A072C}.Release|Any CPU.ActiveCfg = Release|Any CPU
		{FAD93AC1-D82E-42EB-9584-B054726A072C}.Release|Any CPU.Build.0 = Release|Any CPU
		{DF77A3B7-C058-4CFC-8950-B6138CB46E40}.Debug|Any CPU.ActiveCfg = Debug|Any CPU
		{DF77A3B7-C058-4CFC-8950-B6138CB46E40}.Debug|Any CPU.Build.0 = Debug|Any CPU
		{DF77A3B7-C058-4CFC-8950-B6138CB46E40}.Release|Any CPU.ActiveCfg = Release|Any CPU
		{DF77A3B7-C058-4CFC-8950-B6138CB46E40}.Release|Any CPU.Build.0 = Release|Any CPU
		{64345134-5937-43EE-80B1-C1357586A90E}.Debug|Any CPU.ActiveCfg = Debug|Any CPU
		{64345134-5937-43EE-80B1-C1357586A90E}.Debug|Any CPU.Build.0 = Debug|Any CPU
		{64345134-5937-43EE-80B1-C1357586A90E}.Release|Any CPU.ActiveCfg = Release|Any CPU
		{64345134-5937-43EE-80B1-C1357586A90E}.Release|Any CPU.Build.0 = Release|Any CPU
		{24CE0E55-7B29-49FA-99F0-374D13DB1674}.Debug|Any CPU.ActiveCfg = Debug|Any CPU
		{24CE0E55-7B29-49FA-99F0-374D13DB1674}.Debug|Any CPU.Build.0 = Debug|Any CPU
		{24CE0E55-7B29-49FA-99F0-374D13DB1674}.Release|Any CPU.ActiveCfg = Release|Any CPU
		{24CE0E55-7B29-49FA-99F0-374D13DB1674}.Release|Any CPU.Build.0 = Release|Any CPU
		{FD72DF11-38EC-4269-834F-1E9131D7CC1F}.Debug|Any CPU.ActiveCfg = Debug|Any CPU
		{FD72DF11-38EC-4269-834F-1E9131D7CC1F}.Debug|Any CPU.Build.0 = Debug|Any CPU
		{FD72DF11-38EC-4269-834F-1E9131D7CC1F}.Release|Any CPU.ActiveCfg = Release|Any CPU
		{FD72DF11-38EC-4269-834F-1E9131D7CC1F}.Release|Any CPU.Build.0 = Release|Any CPU
		{2A4BA5A3-546A-47D8-907E-11E4C0F659E4}.Debug|Any CPU.ActiveCfg = Debug|Any CPU
		{2A4BA5A3-546A-47D8-907E-11E4C0F659E4}.Debug|Any CPU.Build.0 = Debug|Any CPU
		{2A4BA5A3-546A-47D8-907E-11E4C0F659E4}.Release|Any CPU.ActiveCfg = Release|Any CPU
		{2A4BA5A3-546A-47D8-907E-11E4C0F659E4}.Release|Any CPU.Build.0 = Release|Any CPU
		{1E2D31B4-3288-4254-831E-76822A29EAE7}.Debug|Any CPU.ActiveCfg = Debug|Any CPU
		{1E2D31B4-3288-4254-831E-76822A29EAE7}.Debug|Any CPU.Build.0 = Debug|Any CPU
		{1E2D31B4-3288-4254-831E-76822A29EAE7}.Release|Any CPU.ActiveCfg = Release|Any CPU
		{1E2D31B4-3288-4254-831E-76822A29EAE7}.Release|Any CPU.Build.0 = Release|Any CPU
		{27A2B7C6-A3D2-4485-8F98-80F2B50D36C1}.Debug|Any CPU.ActiveCfg = Debug|Any CPU
		{27A2B7C6-A3D2-4485-8F98-80F2B50D36C1}.Debug|Any CPU.Build.0 = Debug|Any CPU
		{27A2B7C6-A3D2-4485-8F98-80F2B50D36C1}.Release|Any CPU.ActiveCfg = Release|Any CPU
		{27A2B7C6-A3D2-4485-8F98-80F2B50D36C1}.Release|Any CPU.Build.0 = Release|Any CPU
		{09A6C0B0-FADB-4B75-90A4-E6DE29C12E83}.Debug|Any CPU.ActiveCfg = Debug|Any CPU
		{09A6C0B0-FADB-4B75-90A4-E6DE29C12E83}.Debug|Any CPU.Build.0 = Debug|Any CPU
		{09A6C0B0-FADB-4B75-90A4-E6DE29C12E83}.Release|Any CPU.ActiveCfg = Release|Any CPU
		{09A6C0B0-FADB-4B75-90A4-E6DE29C12E83}.Release|Any CPU.Build.0 = Release|Any CPU
	EndGlobalSection
	GlobalSection(SolutionProperties) = preSolution
		HideSolutionNode = FALSE
	EndGlobalSection
	GlobalSection(ExtensibilityGlobals) = postSolution
		SolutionGuid = {872182AF-B1E6-490F-831A-64551452CE4A}
	EndGlobalSection
EndGlobal
